// !$*UTF8*$!
{
	archiveVersion = 1;
	classes = {
	};
	objectVersion = 46;
	objects = {

/* Begin PBXBuildFile section */
		008B20B576921993CE211BE3 /* MultiAddScreenWantViewController_Image_3.png in Resources */ = {isa = PBXBuildFile; fileRef = 95387E017E4B6BCBF2DE7D4C /* MultiAddScreenWantViewController_Image_3.png */; };
		02AA5E0B14D57AF2004CE70D /* Gradient.m in Sources */ = {isa = PBXBuildFile; fileRef = 02AA5E0614D57AF2004CE70D /* Gradient.m */; };
		02AA5E0C14D57AF2004CE70D /* GradientNode.m in Sources */ = {isa = PBXBuildFile; fileRef = 02AA5E0814D57AF2004CE70D /* GradientNode.m */; };
		02AA5E0D14D57AF2004CE70D /* GradientView.m in Sources */ = {isa = PBXBuildFile; fileRef = 02AA5E0A14D57AF2004CE70D /* GradientView.m */; };
		02AA5E3814D59768004CE70D /* CoreLocation.framework in Frameworks */ = {isa = PBXBuildFile; fileRef = 02AA5E3714D59768004CE70D /* CoreLocation.framework */; };
		02AA5E3C14D597DB004CE70D /* MKMapView+ZoomLevel.m in Sources */ = {isa = PBXBuildFile; fileRef = 02AA5E3B14D597DB004CE70D /* MKMapView+ZoomLevel.m */; };
		02BFB96FB293D019C7EE4151 /* MultiAddScreenTradeViewController_Image_5.png in Resources */ = {isa = PBXBuildFile; fileRef = CF8ED8C38CF94B35B38D5303 /* MultiAddScreenTradeViewController_Image_5.png */; };
		02C8A2B514C97CA60021F408 /* UIKit.framework in Frameworks */ = {isa = PBXBuildFile; fileRef = 02C8A2B414C97CA60021F408 /* UIKit.framework */; };
		02C8A2B714C97CA60021F408 /* Foundation.framework in Frameworks */ = {isa = PBXBuildFile; fileRef = 02C8A2B614C97CA60021F408 /* Foundation.framework */; };
		02C8A2B914C97CA60021F408 /* CoreGraphics.framework in Frameworks */ = {isa = PBXBuildFile; fileRef = 02C8A2B814C97CA60021F408 /* CoreGraphics.framework */; };
		02C8A2BF14C97CA60021F408 /* InfoPlist.strings in Resources */ = {isa = PBXBuildFile; fileRef = 02C8A2BD14C97CA60021F408 /* InfoPlist.strings */; };
		02C8A2C114C97CA60021F408 /* main.m in Sources */ = {isa = PBXBuildFile; fileRef = 02C8A2C014C97CA60021F408 /* main.m */; };
		02C8A2C514C97CA60021F408 /* IFAppDelegate.m in Sources */ = {isa = PBXBuildFile; fileRef = 02C8A2C414C97CA60021F408 /* IFAppDelegate.m */; };
		02C8A2CC14C97CC00021F408 /* MapKit.framework in Frameworks */ = {isa = PBXBuildFile; fileRef = 02C8A2CB14C97CC00021F408 /* MapKit.framework */; };
		02C8A2CE14C97CC80021F408 /* QuartzCore.framework in Frameworks */ = {isa = PBXBuildFile; fileRef = 02C8A2CD14C97CC80021F408 /* QuartzCore.framework */; };
		03962118E1D1F265C371A5DA /* TradeableViewController.m in Sources */ = {isa = PBXBuildFile; fileRef = A937A431F3ECF1006CE1E476 /* TradeableViewController.m */; };
		0664B9AA99522A4362A2E7F3 /* MultiAddScreenViewController_Image_1.png in Resources */ = {isa = PBXBuildFile; fileRef = F89B7A93EB25A1A2076DBAB9 /* MultiAddScreenViewController_Image_1.png */; };
		0B913D423836C6390FC57480 /* TradeableViewController_Image_2.png in Resources */ = {isa = PBXBuildFile; fileRef = 8A6CAF3BF111B48665E22014 /* TradeableViewController_Image_2.png */; };
		0C51344081D16D68083D12E8 /* AreatradesViewController_Image_4.png in Resources */ = {isa = PBXBuildFile; fileRef = 8C4F731BE96AD215F5E9124D /* AreatradesViewController_Image_4.png */; };
		0C75A4F6CB2024975204F87A /* MultiAddScreenWantViewController_Image_2.png in Resources */ = {isa = PBXBuildFile; fileRef = C541B274A611E430AFCCEECA /* MultiAddScreenWantViewController_Image_2.png */; };
		0DACC01BCC4963403621A5BF /* WantViewController.m in Sources */ = {isa = PBXBuildFile; fileRef = CAC71B28895A44226FD4A816 /* WantViewController.m */; };
		0E67C42A7081AA041ADF035F /* InfoViewController_Image_6.png in Resources */ = {isa = PBXBuildFile; fileRef = 8B655952227FAEAF1C216425 /* InfoViewController_Image_6.png */; };
		0EC5E7390F0F270A55C20204 /* MultiAddScreenViewController_Image_11.png in Resources */ = {isa = PBXBuildFile; fileRef = 1EEB7E88AC0A57F3E45E0983 /* MultiAddScreenViewController_Image_11.png */; };
		14CE2B8F8705D5B63971FE5B /* MultiAddScreenWantViewController_Image_1.png in Resources */ = {isa = PBXBuildFile; fileRef = 7EECC1D3CBAA2D77D6BC8897 /* MultiAddScreenWantViewController_Image_1.png */; };
		15D9628B36F1BF3BC16BE0C6 /* AreatradesViewController_Image_1.png in Resources */ = {isa = PBXBuildFile; fileRef = 93FED11F61BA735305A692CF /* AreatradesViewController_Image_1.png */; };
		1F7B87492936D5FE67D32564 /* MultiAddScreenTradeViewController_Image_1.png in Resources */ = {isa = PBXBuildFile; fileRef = FB31400B6E5CCE007B139F5A /* MultiAddScreenTradeViewController_Image_1.png */; };
		212B242AFF1F62D34127C3C0 /* MultiAddScreenViewController_Image_2.png in Resources */ = {isa = PBXBuildFile; fileRef = 23B54EF50A40479317676667 /* MultiAddScreenViewController_Image_2.png */; };
		21A7591998725591CDD7EFD7 /* MultiAddScreenWantViewController_Image_4.png in Resources */ = {isa = PBXBuildFile; fileRef = 8D41CB7A903A9A7EF5A984C6 /* MultiAddScreenWantViewController_Image_4.png */; };
		23EEB2E5FC627DDB3DCF6D97 /* MultiAddScreenViewController_Image_5.png in Resources */ = {isa = PBXBuildFile; fileRef = ECDF4A184677EC4A9F09087D /* MultiAddScreenViewController_Image_5.png */; };
		2E37B11CF8425DB651188114 /* AreatradesViewController_Image_5.png in Resources */ = {isa = PBXBuildFile; fileRef = 7C92DA04C5E705ACF0678121 /* AreatradesViewController_Image_5.png */; };
		2FA3F4BB4A7F6CCDA5951BF8 /* InfoViewController_Image_2.png in Resources */ = {isa = PBXBuildFile; fileRef = 1EF326A9957509D44F18FC28 /* InfoViewController_Image_2.png */; };
		308F0348EBDFC36F2230D155 /* MultiAddScreenViewController_Image_7.png in Resources */ = {isa = PBXBuildFile; fileRef = 6B3E0BD7DB75C2CC61DB9010 /* MultiAddScreenViewController_Image_7.png */; };
		37D712D537D1938E62022958 /* TradeableViewController_Image_4.png in Resources */ = {isa = PBXBuildFile; fileRef = B132756BB1004DC74E840FC5 /* TradeableViewController_Image_4.png */; };
		3B3D2CB01C796BC5EC3FEA82 /* WelcomeViewController_Image_5.png in Resources */ = {isa = PBXBuildFile; fileRef = B15B6F4B894F3217D308CBC5 /* WelcomeViewController_Image_5.png */; };
		3C5E34EDCD65E59E4111A1A2 /* MultiAddScreenViewController_Image_3.png in Resources */ = {isa = PBXBuildFile; fileRef = 94822635AB31422C5A7F8AF1 /* MultiAddScreenViewController_Image_3.png */; };
		41E8A35D6D81ED23AAB2F45B /* MultiAddScreenTradeViewController_Image_3.png in Resources */ = {isa = PBXBuildFile; fileRef = FBF6C46624B842D1AC80A71B /* MultiAddScreenTradeViewController_Image_3.png */; };
		4365B1E4FD9AEB22ACE4394E /* WelcomeViewController_Image_4.png in Resources */ = {isa = PBXBuildFile; fileRef = 81F7B02D208E8D66F2A5BCCD /* WelcomeViewController_Image_4.png */; };
		465A7D4329A3B96ECC9B1834 /* MultiAddScreenViewController_Image_6.png in Resources */ = {isa = PBXBuildFile; fileRef = 3C67C74F37A25C0D4CCE787D /* MultiAddScreenViewController_Image_6.png */; };
		468490029EE549E4AEFB11C5 /* MultiAddScreenViewController_Image_9.png in Resources */ = {isa = PBXBuildFile; fileRef = 187748FF35EA691FA729633F /* MultiAddScreenViewController_Image_9.png */; };
		47B3A3822193683C19D6B69C /* ForSaleViewController_Image_5.png in Resources */ = {isa = PBXBuildFile; fileRef = E2AB91FA82B1D56AA880943B /* ForSaleViewController_Image_5.png */; };
		4BE650DC20BE61C7EC381B8F /* WelcomeViewController_Image_1.png in Resources */ = {isa = PBXBuildFile; fileRef = 19526A89C3A2BB6F48A0DD18 /* WelcomeViewController_Image_1.png */; };
		4CB6A336AAAC0ED4B794048A /* MultiAddScreenWantViewController.m in Sources */ = {isa = PBXBuildFile; fileRef = 1A81620F90EC7E24505D5E81 /* MultiAddScreenWantViewController.m */; };
		4E10344C600791689C6FD0BA /* MultiAddScreenViewController_Image_4.png in Resources */ = {isa = PBXBuildFile; fileRef = DAB2FA529542C08A03578FA9 /* MultiAddScreenViewController_Image_4.png */; };
		5393031033CC208FA241FE85 /* TradeableViewController_Image_5.png in Resources */ = {isa = PBXBuildFile; fileRef = 92A400E6CC7D5F929D4A728A /* TradeableViewController_Image_5.png */; };
		58928683A54055EAA269B556 /* AreatradesViewController.m in Sources */ = {isa = PBXBuildFile; fileRef = 47CC9C8EC1359931716A0BB3 /* AreatradesViewController.m */; };
		5FCBFEB7D8820BB26B735439 /* MultiAddScreenTradeViewController.m in Sources */ = {isa = PBXBuildFile; fileRef = 2C3509544B7B3C00BFD06B7A /* MultiAddScreenTradeViewController.m */; };
		6030AB1C8CF67E108305B972 /* WelcomeViewController.m in Sources */ = {isa = PBXBuildFile; fileRef = 3439CC68FFC5A90051CC86F4 /* WelcomeViewController.m */; };
		68F0572389AE03BD8D3B3925 /* TradeableViewController_Image_6.png in Resources */ = {isa = PBXBuildFile; fileRef = 8E43F82D542D0F5259B05F97 /* TradeableViewController_Image_6.png */; };
		6A5AD035723752840D9DA082 /* ForSaleViewController_Image_1.png in Resources */ = {isa = PBXBuildFile; fileRef = 2ACD896DE3B40F548A05AAB9 /* ForSaleViewController_Image_1.png */; };
		734AF48CE34D336E72ED461B /* MultiAddScreenViewController_Image_10.png in Resources */ = {isa = PBXBuildFile; fileRef = A8B55378182148AE4C141A21 /* MultiAddScreenViewController_Image_10.png */; };
		837690E37D936F4D9C57EF4F /* ForSaleViewController_Image_4.png in Resources */ = {isa = PBXBuildFile; fileRef = 7AF6AE103A7E15FFF63C5A8B /* ForSaleViewController_Image_4.png */; };
		847C0A17C212535C6CBC0024 /* AreatradesViewController_Image_3.png in Resources */ = {isa = PBXBuildFile; fileRef = BB321C8562ECD6EE51678DEF /* AreatradesViewController_Image_3.png */; };
		9F21180E78A36638939B77B0 /* ForSaleViewController_Image_3.png in Resources */ = {isa = PBXBuildFile; fileRef = 249AE402036137D49559CB33 /* ForSaleViewController_Image_3.png */; };
		A3BCD9F8AF61E43BD7DF849F /* InfoViewController_Image_3.png in Resources */ = {isa = PBXBuildFile; fileRef = 9E2F38FA179374E7BD109274 /* InfoViewController_Image_3.png */; };
		B477F82ADA0C376532427CD3 /* InfoViewController_Image_5.png in Resources */ = {isa = PBXBuildFile; fileRef = FE2B1BB498B6F088E62089F6 /* InfoViewController_Image_5.png */; };
		B83F3ED20BBAC3011BAABF61 /* InfoViewController.m in Sources */ = {isa = PBXBuildFile; fileRef = 3571843F8B9C5522C8193BD9 /* InfoViewController.m */; };
		BE7291B5159711875A311009 /* ForSaleViewController_Image_2.png in Resources */ = {isa = PBXBuildFile; fileRef = D0E004613B0064C0FC6E13C8 /* ForSaleViewController_Image_2.png */; };
		C245955CC1A7CF0C91F668AE /* MultiAddScreenTradeViewController_Image_4.png in Resources */ = {isa = PBXBuildFile; fileRef = 967DEBC585916DAED603A169 /* MultiAddScreenTradeViewController_Image_4.png */; };
		CD67431BA989A1CE4B093D95 /* AreatradesViewController_Image_2.png in Resources */ = {isa = PBXBuildFile; fileRef = 280D0609580F6DAF8C026A39 /* AreatradesViewController_Image_2.png */; };
		D3EB251647B1CB0A83B7834B /* WantViewController_Image_1.png in Resources */ = {isa = PBXBuildFile; fileRef = D45F0D0A3870A23FE7E2D5FB /* WantViewController_Image_1.png */; };
		D689070BEC8E0323D880D5CA /* MultiAddScreenWantViewController_Image_5.png in Resources */ = {isa = PBXBuildFile; fileRef = 47DF0101D741052B1F18518B /* MultiAddScreenWantViewController_Image_5.png */; };
		D85B4D38F55477FDE616909D /* InfoViewController_Image_4.png in Resources */ = {isa = PBXBuildFile; fileRef = 552032AE04DCE5B6F5C54A0D /* InfoViewController_Image_4.png */; };
		D96394D39B8B00AA3D8E393F /* WantViewController_Image_3.png in Resources */ = {isa = PBXBuildFile; fileRef = 59B44E23148D128EA5A109D4 /* WantViewController_Image_3.png */; };
		DE674411E249D0705CA2426A /* TradeableViewController_Image_1.png in Resources */ = {isa = PBXBuildFile; fileRef = 25FB8D0F5A735D28F72C0756 /* TradeableViewController_Image_1.png */; };
		E168ED32D700867421758576 /* ForSaleViewController.m in Sources */ = {isa = PBXBuildFile; fileRef = 97B3AC36BDEA98089AEB50E2 /* ForSaleViewController.m */; };
		E257CBBA972ACBA6341EC758 /* WelcomeViewController_Image_3.png in Resources */ = {isa = PBXBuildFile; fileRef = CD9E7F94DEB9195F23873372 /* WelcomeViewController_Image_3.png */; };
		E3735D5D172A038D00290315 /* Default@2x.png in Resources */ = {isa = PBXBuildFile; fileRef = E3735D58172A038D00290315 /* Default@2x.png */; };
		E3735D5E172A038D00290315 /* Default.png in Resources */ = {isa = PBXBuildFile; fileRef = E3735D59172A038D00290315 /* Default.png */; };
		E3735D5F172A038D00290315 /* Default-568h@2x.png in Resources */ = {isa = PBXBuildFile; fileRef = E3735D5A172A038D00290315 /* Default-568h@2x.png */; };
		E3735D60172A038D00290315 /* 114x114.png in Resources */ = {isa = PBXBuildFile; fileRef = E3735D5B172A038D00290315 /* 114x114.png */; };
		E3735D61172A038D00290315 /* 57x57.png in Resources */ = {isa = PBXBuildFile; fileRef = E3735D5C172A038D00290315 /* 57x57.png */; };
		E5F9073C3ADE3619F4E90085 /* WantViewController_Image_4.png in Resources */ = {isa = PBXBuildFile; fileRef = F19DB8D798B2FE1A004E57DB /* WantViewController_Image_4.png */; };
		E716EF4E84D48E27B0F38068 /* WelcomeViewController_Image_2.png in Resources */ = {isa = PBXBuildFile; fileRef = AE4EC13ABB1F05BB34B749F6 /* WelcomeViewController_Image_2.png */; };
		EF2910DB0C98836C027CC5C4 /* TradeableViewController_Image_3.png in Resources */ = {isa = PBXBuildFile; fileRef = A02B513C78FBD20AD0928EB3 /* TradeableViewController_Image_3.png */; };
		F0264CC7DB0DAB14FAA0524C /* MultiAddScreenTradeViewController_Image_2.png in Resources */ = {isa = PBXBuildFile; fileRef = 593E7927F6B2B7C7F790F0E7 /* MultiAddScreenTradeViewController_Image_2.png */; };
		F63D7E1AD65B3274A5933D3F /* WantViewController_Image_2.png in Resources */ = {isa = PBXBuildFile; fileRef = 1F912894B745284B8B2CF26D /* WantViewController_Image_2.png */; };
		F72EBD4260A8F9096C8F8D78 /* WantViewController_Image_5.png in Resources */ = {isa = PBXBuildFile; fileRef = 49F77AA8CBC0ABB0AA850CDB /* WantViewController_Image_5.png */; };
		FCBCE245726C362544390FEC /* MultiAddScreenViewController_Image_8.png in Resources */ = {isa = PBXBuildFile; fileRef = 684BB676735A62424EBABEA4 /* MultiAddScreenViewController_Image_8.png */; };
		FD28033C0FC07AAC7FE9B623 /* InfoViewController_Image_1.png in Resources */ = {isa = PBXBuildFile; fileRef = 2BBA3774955BB911C678EAB0 /* InfoViewController_Image_1.png */; };
		FF5EB8F6405BEEFB649C90E9 /* MultiAddScreenViewController.m in Sources */ = {isa = PBXBuildFile; fileRef = A4754E2A520801BDAC1F2D6C /* MultiAddScreenViewController.m */; };
/* End PBXBuildFile section */

/* Begin PBXFileReference section */
		02AA5E0514D57AF2004CE70D /* Gradient.h */ = {isa = PBXFileReference; fileEncoding = 4; lastKnownFileType = sourcecode.c.h; path = Gradient.h; sourceTree = "<group>"; };
		02AA5E0614D57AF2004CE70D /* Gradient.m */ = {isa = PBXFileReference; fileEncoding = 4; lastKnownFileType = sourcecode.c.objc; path = Gradient.m; sourceTree = "<group>"; };
		02AA5E0714D57AF2004CE70D /* GradientNode.h */ = {isa = PBXFileReference; fileEncoding = 4; lastKnownFileType = sourcecode.c.h; path = GradientNode.h; sourceTree = "<group>"; };
		02AA5E0814D57AF2004CE70D /* GradientNode.m */ = {isa = PBXFileReference; fileEncoding = 4; lastKnownFileType = sourcecode.c.objc; path = GradientNode.m; sourceTree = "<group>"; };
		02AA5E0914D57AF2004CE70D /* GradientView.h */ = {isa = PBXFileReference; fileEncoding = 4; lastKnownFileType = sourcecode.c.h; path = GradientView.h; sourceTree = "<group>"; };
		02AA5E0A14D57AF2004CE70D /* GradientView.m */ = {isa = PBXFileReference; fileEncoding = 4; lastKnownFileType = sourcecode.c.objc; path = GradientView.m; sourceTree = "<group>"; };
		02AA5E3714D59768004CE70D /* CoreLocation.framework */ = {isa = PBXFileReference; lastKnownFileType = wrapper.framework; name = CoreLocation.framework; path = System/Library/Frameworks/CoreLocation.framework; sourceTree = SDKROOT; };
		02AA5E3A14D597DB004CE70D /* MKMapView+ZoomLevel.h */ = {isa = PBXFileReference; fileEncoding = 4; lastKnownFileType = sourcecode.c.h; path = "MKMapView+ZoomLevel.h"; sourceTree = "<group>"; };
		02AA5E3B14D597DB004CE70D /* MKMapView+ZoomLevel.m */ = {isa = PBXFileReference; fileEncoding = 4; lastKnownFileType = sourcecode.c.objc; path = "MKMapView+ZoomLevel.m"; sourceTree = "<group>"; };
		02C8A2B014C97CA60021F408 /* Interface Export.app */ = {isa = PBXFileReference; explicitFileType = wrapper.application; includeInIndex = 0; path = "Interface Export.app"; sourceTree = BUILT_PRODUCTS_DIR; };
		02C8A2B414C97CA60021F408 /* UIKit.framework */ = {isa = PBXFileReference; lastKnownFileType = wrapper.framework; name = UIKit.framework; path = System/Library/Frameworks/UIKit.framework; sourceTree = SDKROOT; };
		02C8A2B614C97CA60021F408 /* Foundation.framework */ = {isa = PBXFileReference; lastKnownFileType = wrapper.framework; name = Foundation.framework; path = System/Library/Frameworks/Foundation.framework; sourceTree = SDKROOT; };
		02C8A2B814C97CA60021F408 /* CoreGraphics.framework */ = {isa = PBXFileReference; lastKnownFileType = wrapper.framework; name = CoreGraphics.framework; path = System/Library/Frameworks/CoreGraphics.framework; sourceTree = SDKROOT; };
		02C8A2BC14C97CA60021F408 /* Interface Export-Info.plist */ = {isa = PBXFileReference; lastKnownFileType = text.plist.xml; path = "Interface Export-Info.plist"; sourceTree = "<group>"; };
		02C8A2BE14C97CA60021F408 /* en */ = {isa = PBXFileReference; lastKnownFileType = text.plist.strings; name = en; path = en.lproj/InfoPlist.strings; sourceTree = "<group>"; };
		02C8A2C014C97CA60021F408 /* main.m */ = {isa = PBXFileReference; lastKnownFileType = sourcecode.c.objc; path = main.m; sourceTree = "<group>"; };
		02C8A2C214C97CA60021F408 /* Interface Export-Prefix.pch */ = {isa = PBXFileReference; lastKnownFileType = sourcecode.c.h; path = "Interface Export-Prefix.pch"; sourceTree = "<group>"; };
		02C8A2C314C97CA60021F408 /* IFAppDelegate.h */ = {isa = PBXFileReference; lastKnownFileType = sourcecode.c.h; path = IFAppDelegate.h; sourceTree = "<group>"; };
		02C8A2C414C97CA60021F408 /* IFAppDelegate.m */ = {isa = PBXFileReference; lastKnownFileType = sourcecode.c.objc; path = IFAppDelegate.m; sourceTree = "<group>"; };
		02C8A2CB14C97CC00021F408 /* MapKit.framework */ = {isa = PBXFileReference; lastKnownFileType = wrapper.framework; name = MapKit.framework; path = System/Library/Frameworks/MapKit.framework; sourceTree = SDKROOT; };
		02C8A2CD14C97CC80021F408 /* QuartzCore.framework */ = {isa = PBXFileReference; lastKnownFileType = wrapper.framework; name = QuartzCore.framework; path = System/Library/Frameworks/QuartzCore.framework; sourceTree = SDKROOT; };
		0A917E03E576AF8E7D17DE6D /* ForSaleViewController.h */ = {isa = PBXFileReference; lastKnownFileType = sourcecode.c.h; path = ForSaleViewController.h; sourceTree = "<group>"; };
		187748FF35EA691FA729633F /* MultiAddScreenViewController_Image_9.png */ = {isa = PBXFileReference; lastKnownFileType = image.png; path = MultiAddScreenViewController_Image_9.png; sourceTree = "<group>"; };
		19526A89C3A2BB6F48A0DD18 /* WelcomeViewController_Image_1.png */ = {isa = PBXFileReference; lastKnownFileType = image.png; path = WelcomeViewController_Image_1.png; sourceTree = "<group>"; };
		1A81620F90EC7E24505D5E81 /* MultiAddScreenWantViewController.m */ = {isa = PBXFileReference; lastKnownFileType = sourcecode.c.objc; path = MultiAddScreenWantViewController.m; sourceTree = "<group>"; };
		1EEB7E88AC0A57F3E45E0983 /* MultiAddScreenViewController_Image_11.png */ = {isa = PBXFileReference; lastKnownFileType = image.png; path = MultiAddScreenViewController_Image_11.png; sourceTree = "<group>"; };
		1EF326A9957509D44F18FC28 /* InfoViewController_Image_2.png */ = {isa = PBXFileReference; lastKnownFileType = image.png; path = InfoViewController_Image_2.png; sourceTree = "<group>"; };
		1F912894B745284B8B2CF26D /* WantViewController_Image_2.png */ = {isa = PBXFileReference; lastKnownFileType = image.png; path = WantViewController_Image_2.png; sourceTree = "<group>"; };
		23B54EF50A40479317676667 /* MultiAddScreenViewController_Image_2.png */ = {isa = PBXFileReference; lastKnownFileType = image.png; path = MultiAddScreenViewController_Image_2.png; sourceTree = "<group>"; };
		249AE402036137D49559CB33 /* ForSaleViewController_Image_3.png */ = {isa = PBXFileReference; lastKnownFileType = image.png; path = ForSaleViewController_Image_3.png; sourceTree = "<group>"; };
		25FB8D0F5A735D28F72C0756 /* TradeableViewController_Image_1.png */ = {isa = PBXFileReference; lastKnownFileType = image.png; path = TradeableViewController_Image_1.png; sourceTree = "<group>"; };
		280D0609580F6DAF8C026A39 /* AreatradesViewController_Image_2.png */ = {isa = PBXFileReference; lastKnownFileType = image.png; path = AreatradesViewController_Image_2.png; sourceTree = "<group>"; };
		2ACD896DE3B40F548A05AAB9 /* ForSaleViewController_Image_1.png */ = {isa = PBXFileReference; lastKnownFileType = image.png; path = ForSaleViewController_Image_1.png; sourceTree = "<group>"; };
		2BBA3774955BB911C678EAB0 /* InfoViewController_Image_1.png */ = {isa = PBXFileReference; lastKnownFileType = image.png; path = InfoViewController_Image_1.png; sourceTree = "<group>"; };
		2C3509544B7B3C00BFD06B7A /* MultiAddScreenTradeViewController.m */ = {isa = PBXFileReference; lastKnownFileType = sourcecode.c.objc; path = MultiAddScreenTradeViewController.m; sourceTree = "<group>"; };
		3439CC68FFC5A90051CC86F4 /* WelcomeViewController.m */ = {isa = PBXFileReference; lastKnownFileType = sourcecode.c.objc; path = WelcomeViewController.m; sourceTree = "<group>"; };
		3571843F8B9C5522C8193BD9 /* InfoViewController.m */ = {isa = PBXFileReference; lastKnownFileType = sourcecode.c.objc; path = InfoViewController.m; sourceTree = "<group>"; };
		3C67C74F37A25C0D4CCE787D /* MultiAddScreenViewController_Image_6.png */ = {isa = PBXFileReference; lastKnownFileType = image.png; path = MultiAddScreenViewController_Image_6.png; sourceTree = "<group>"; };
		47CC9C8EC1359931716A0BB3 /* AreatradesViewController.m */ = {isa = PBXFileReference; lastKnownFileType = sourcecode.c.objc; path = AreatradesViewController.m; sourceTree = "<group>"; };
		47DF0101D741052B1F18518B /* MultiAddScreenWantViewController_Image_5.png */ = {isa = PBXFileReference; lastKnownFileType = image.png; path = MultiAddScreenWantViewController_Image_5.png; sourceTree = "<group>"; };
		49F77AA8CBC0ABB0AA850CDB /* WantViewController_Image_5.png */ = {isa = PBXFileReference; lastKnownFileType = image.png; path = WantViewController_Image_5.png; sourceTree = "<group>"; };
		552032AE04DCE5B6F5C54A0D /* InfoViewController_Image_4.png */ = {isa = PBXFileReference; lastKnownFileType = image.png; path = InfoViewController_Image_4.png; sourceTree = "<group>"; };
		593E7927F6B2B7C7F790F0E7 /* MultiAddScreenTradeViewController_Image_2.png */ = {isa = PBXFileReference; lastKnownFileType = image.png; path = MultiAddScreenTradeViewController_Image_2.png; sourceTree = "<group>"; };
		59B44E23148D128EA5A109D4 /* WantViewController_Image_3.png */ = {isa = PBXFileReference; lastKnownFileType = image.png; path = WantViewController_Image_3.png; sourceTree = "<group>"; };
		684BB676735A62424EBABEA4 /* MultiAddScreenViewController_Image_8.png */ = {isa = PBXFileReference; lastKnownFileType = image.png; path = MultiAddScreenViewController_Image_8.png; sourceTree = "<group>"; };
		6B3E0BD7DB75C2CC61DB9010 /* MultiAddScreenViewController_Image_7.png */ = {isa = PBXFileReference; lastKnownFileType = image.png; path = MultiAddScreenViewController_Image_7.png; sourceTree = "<group>"; };
		6D8317DF0EBA796FBB6A9359 /* WantViewController.h */ = {isa = PBXFileReference; lastKnownFileType = sourcecode.c.h; path = WantViewController.h; sourceTree = "<group>"; };
		72CDC174FF9CA47CD6EEF9EB /* TradeableViewController.h */ = {isa = PBXFileReference; lastKnownFileType = sourcecode.c.h; path = TradeableViewController.h; sourceTree = "<group>"; };
		7AF6AE103A7E15FFF63C5A8B /* ForSaleViewController_Image_4.png */ = {isa = PBXFileReference; lastKnownFileType = image.png; path = ForSaleViewController_Image_4.png; sourceTree = "<group>"; };
		7C92DA04C5E705ACF0678121 /* AreatradesViewController_Image_5.png */ = {isa = PBXFileReference; lastKnownFileType = image.png; path = AreatradesViewController_Image_5.png; sourceTree = "<group>"; };
		7EECC1D3CBAA2D77D6BC8897 /* MultiAddScreenWantViewController_Image_1.png */ = {isa = PBXFileReference; lastKnownFileType = image.png; path = MultiAddScreenWantViewController_Image_1.png; sourceTree = "<group>"; };
		81F7B02D208E8D66F2A5BCCD /* WelcomeViewController_Image_4.png */ = {isa = PBXFileReference; lastKnownFileType = image.png; path = WelcomeViewController_Image_4.png; sourceTree = "<group>"; };
		8A6CAF3BF111B48665E22014 /* TradeableViewController_Image_2.png */ = {isa = PBXFileReference; lastKnownFileType = image.png; path = TradeableViewController_Image_2.png; sourceTree = "<group>"; };
		8B655952227FAEAF1C216425 /* InfoViewController_Image_6.png */ = {isa = PBXFileReference; lastKnownFileType = image.png; path = InfoViewController_Image_6.png; sourceTree = "<group>"; };
		8C4F731BE96AD215F5E9124D /* AreatradesViewController_Image_4.png */ = {isa = PBXFileReference; lastKnownFileType = image.png; path = AreatradesViewController_Image_4.png; sourceTree = "<group>"; };
		8D41CB7A903A9A7EF5A984C6 /* MultiAddScreenWantViewController_Image_4.png */ = {isa = PBXFileReference; lastKnownFileType = image.png; path = MultiAddScreenWantViewController_Image_4.png; sourceTree = "<group>"; };
		8E43F82D542D0F5259B05F97 /* TradeableViewController_Image_6.png */ = {isa = PBXFileReference; lastKnownFileType = image.png; path = TradeableViewController_Image_6.png; sourceTree = "<group>"; };
		92A400E6CC7D5F929D4A728A /* TradeableViewController_Image_5.png */ = {isa = PBXFileReference; lastKnownFileType = image.png; path = TradeableViewController_Image_5.png; sourceTree = "<group>"; };
		93FED11F61BA735305A692CF /* AreatradesViewController_Image_1.png */ = {isa = PBXFileReference; lastKnownFileType = image.png; path = AreatradesViewController_Image_1.png; sourceTree = "<group>"; };
		94822635AB31422C5A7F8AF1 /* MultiAddScreenViewController_Image_3.png */ = {isa = PBXFileReference; lastKnownFileType = image.png; path = MultiAddScreenViewController_Image_3.png; sourceTree = "<group>"; };
		95387E017E4B6BCBF2DE7D4C /* MultiAddScreenWantViewController_Image_3.png */ = {isa = PBXFileReference; lastKnownFileType = image.png; path = MultiAddScreenWantViewController_Image_3.png; sourceTree = "<group>"; };
		967DEBC585916DAED603A169 /* MultiAddScreenTradeViewController_Image_4.png */ = {isa = PBXFileReference; lastKnownFileType = image.png; path = MultiAddScreenTradeViewController_Image_4.png; sourceTree = "<group>"; };
		97B3AC36BDEA98089AEB50E2 /* ForSaleViewController.m */ = {isa = PBXFileReference; lastKnownFileType = sourcecode.c.objc; path = ForSaleViewController.m; sourceTree = "<group>"; };
		9E2F38FA179374E7BD109274 /* InfoViewController_Image_3.png */ = {isa = PBXFileReference; lastKnownFileType = image.png; path = InfoViewController_Image_3.png; sourceTree = "<group>"; };
		A02B513C78FBD20AD0928EB3 /* TradeableViewController_Image_3.png */ = {isa = PBXFileReference; lastKnownFileType = image.png; path = TradeableViewController_Image_3.png; sourceTree = "<group>"; };
		A4754E2A520801BDAC1F2D6C /* MultiAddScreenViewController.m */ = {isa = PBXFileReference; lastKnownFileType = sourcecode.c.objc; path = MultiAddScreenViewController.m; sourceTree = "<group>"; };
		A8B55378182148AE4C141A21 /* MultiAddScreenViewController_Image_10.png */ = {isa = PBXFileReference; lastKnownFileType = image.png; path = MultiAddScreenViewController_Image_10.png; sourceTree = "<group>"; };
		A937A431F3ECF1006CE1E476 /* TradeableViewController.m */ = {isa = PBXFileReference; lastKnownFileType = sourcecode.c.objc; path = TradeableViewController.m; sourceTree = "<group>"; };
		AE4EC13ABB1F05BB34B749F6 /* WelcomeViewController_Image_2.png */ = {isa = PBXFileReference; lastKnownFileType = image.png; path = WelcomeViewController_Image_2.png; sourceTree = "<group>"; };
		B132756BB1004DC74E840FC5 /* TradeableViewController_Image_4.png */ = {isa = PBXFileReference; lastKnownFileType = image.png; path = TradeableViewController_Image_4.png; sourceTree = "<group>"; };
		B15B6F4B894F3217D308CBC5 /* WelcomeViewController_Image_5.png */ = {isa = PBXFileReference; lastKnownFileType = image.png; path = WelcomeViewController_Image_5.png; sourceTree = "<group>"; };
		B7DDF18BD14C952A702B72BD /* MultiAddScreenWantViewController.h */ = {isa = PBXFileReference; lastKnownFileType = sourcecode.c.h; path = MultiAddScreenWantViewController.h; sourceTree = "<group>"; };
		BB321C8562ECD6EE51678DEF /* AreatradesViewController_Image_3.png */ = {isa = PBXFileReference; lastKnownFileType = image.png; path = AreatradesViewController_Image_3.png; sourceTree = "<group>"; };
		C15EB78D91D497DDD191EA43 /* MultiAddScreenViewController.h */ = {isa = PBXFileReference; lastKnownFileType = sourcecode.c.h; path = MultiAddScreenViewController.h; sourceTree = "<group>"; };
		C36C63F7D8BED05DEC51770A /* InfoViewController.h */ = {isa = PBXFileReference; lastKnownFileType = sourcecode.c.h; path = InfoViewController.h; sourceTree = "<group>"; };
		C541B274A611E430AFCCEECA /* MultiAddScreenWantViewController_Image_2.png */ = {isa = PBXFileReference; lastKnownFileType = image.png; path = MultiAddScreenWantViewController_Image_2.png; sourceTree = "<group>"; };
		CAC71B28895A44226FD4A816 /* WantViewController.m */ = {isa = PBXFileReference; lastKnownFileType = sourcecode.c.objc; path = WantViewController.m; sourceTree = "<group>"; };
		CD9E7F94DEB9195F23873372 /* WelcomeViewController_Image_3.png */ = {isa = PBXFileReference; lastKnownFileType = image.png; path = WelcomeViewController_Image_3.png; sourceTree = "<group>"; };
		CF8ED8C38CF94B35B38D5303 /* MultiAddScreenTradeViewController_Image_5.png */ = {isa = PBXFileReference; lastKnownFileType = image.png; path = MultiAddScreenTradeViewController_Image_5.png; sourceTree = "<group>"; };
		CFFCB6AE1086721AA54E9BC2 /* MultiAddScreenTradeViewController.h */ = {isa = PBXFileReference; lastKnownFileType = sourcecode.c.h; path = MultiAddScreenTradeViewController.h; sourceTree = "<group>"; };
		D0E004613B0064C0FC6E13C8 /* ForSaleViewController_Image_2.png */ = {isa = PBXFileReference; lastKnownFileType = image.png; path = ForSaleViewController_Image_2.png; sourceTree = "<group>"; };
		D45F0D0A3870A23FE7E2D5FB /* WantViewController_Image_1.png */ = {isa = PBXFileReference; lastKnownFileType = image.png; path = WantViewController_Image_1.png; sourceTree = "<group>"; };
		DAB2FA529542C08A03578FA9 /* MultiAddScreenViewController_Image_4.png */ = {isa = PBXFileReference; lastKnownFileType = image.png; path = MultiAddScreenViewController_Image_4.png; sourceTree = "<group>"; };
		E2AB91FA82B1D56AA880943B /* ForSaleViewController_Image_5.png */ = {isa = PBXFileReference; lastKnownFileType = image.png; path = ForSaleViewController_Image_5.png; sourceTree = "<group>"; };
		E3735D58172A038D00290315 /* Default@2x.png */ = {isa = PBXFileReference; lastKnownFileType = image.png; path = "Default@2x.png"; sourceTree = "<group>"; };
		E3735D59172A038D00290315 /* Default.png */ = {isa = PBXFileReference; lastKnownFileType = image.png; path = Default.png; sourceTree = "<group>"; };
		E3735D5A172A038D00290315 /* Default-568h@2x.png */ = {isa = PBXFileReference; lastKnownFileType = image.png; path = "Default-568h@2x.png"; sourceTree = "<group>"; };
		E3735D5B172A038D00290315 /* 114x114.png */ = {isa = PBXFileReference; lastKnownFileType = image.png; path = 114x114.png; sourceTree = "<group>"; };
		E3735D5C172A038D00290315 /* 57x57.png */ = {isa = PBXFileReference; lastKnownFileType = image.png; path = 57x57.png; sourceTree = "<group>"; };
		ECDF4A184677EC4A9F09087D /* MultiAddScreenViewController_Image_5.png */ = {isa = PBXFileReference; lastKnownFileType = image.png; path = MultiAddScreenViewController_Image_5.png; sourceTree = "<group>"; };
		EEA7225C4F99AB8C1C28B4BD /* AreatradesViewController.h */ = {isa = PBXFileReference; lastKnownFileType = sourcecode.c.h; path = AreatradesViewController.h; sourceTree = "<group>"; };
		F19DB8D798B2FE1A004E57DB /* WantViewController_Image_4.png */ = {isa = PBXFileReference; lastKnownFileType = image.png; path = WantViewController_Image_4.png; sourceTree = "<group>"; };
		F89B7A93EB25A1A2076DBAB9 /* MultiAddScreenViewController_Image_1.png */ = {isa = PBXFileReference; lastKnownFileType = image.png; path = MultiAddScreenViewController_Image_1.png; sourceTree = "<group>"; };
		FA76DFC630F690450AA03E19 /* WelcomeViewController.h */ = {isa = PBXFileReference; lastKnownFileType = sourcecode.c.h; path = WelcomeViewController.h; sourceTree = "<group>"; };
		FB31400B6E5CCE007B139F5A /* MultiAddScreenTradeViewController_Image_1.png */ = {isa = PBXFileReference; lastKnownFileType = image.png; path = MultiAddScreenTradeViewController_Image_1.png; sourceTree = "<group>"; };
		FBF6C46624B842D1AC80A71B /* MultiAddScreenTradeViewController_Image_3.png */ = {isa = PBXFileReference; lastKnownFileType = image.png; path = MultiAddScreenTradeViewController_Image_3.png; sourceTree = "<group>"; };
		FE2B1BB498B6F088E62089F6 /* InfoViewController_Image_5.png */ = {isa = PBXFileReference; lastKnownFileType = image.png; path = InfoViewController_Image_5.png; sourceTree = "<group>"; };
/* End PBXFileReference section */

/* Begin PBXFrameworksBuildPhase section */
		02C8A2AD14C97CA60021F408 /* Frameworks */ = {
			isa = PBXFrameworksBuildPhase;
			buildActionMask = 2147483647;
			files = (
				02C8A2CE14C97CC80021F408 /* QuartzCore.framework in Frameworks */,
				02C8A2CC14C97CC00021F408 /* MapKit.framework in Frameworks */,
				02C8A2B514C97CA60021F408 /* UIKit.framework in Frameworks */,
				02C8A2B714C97CA60021F408 /* Foundation.framework in Frameworks */,
				02C8A2B914C97CA60021F408 /* CoreGraphics.framework in Frameworks */,
				02AA5E3814D59768004CE70D /* CoreLocation.framework in Frameworks */,
			);
			runOnlyForDeploymentPostprocessing = 0;
		};
/* End PBXFrameworksBuildPhase section */

/* Begin PBXGroup section */
		02C8A2A514C97CA60021F408 = {
			isa = PBXGroup;
			children = (
				E3735D58172A038D00290315 /* Default@2x.png */,
				E3735D59172A038D00290315 /* Default.png */,
				E3735D5A172A038D00290315 /* Default-568h@2x.png */,
				E3735D5B172A038D00290315 /* 114x114.png */,
				E3735D5C172A038D00290315 /* 57x57.png */,
				02C8A2BA14C97CA60021F408 /* Interface Export */,
				02C8A2B314C97CA60021F408 /* Frameworks */,
				02C8A2B114C97CA60021F408 /* Products */,
			);
			sourceTree = "<group>";
		};
		02C8A2B114C97CA60021F408 /* Products */ = {
			isa = PBXGroup;
			children = (
				02C8A2B014C97CA60021F408 /* Interface Export.app */,
			);
			name = Products;
			sourceTree = "<group>";
		};
		02C8A2B314C97CA60021F408 /* Frameworks */ = {
			isa = PBXGroup;
			children = (
				02AA5E3714D59768004CE70D /* CoreLocation.framework */,
				02C8A2CD14C97CC80021F408 /* QuartzCore.framework */,
				02C8A2CB14C97CC00021F408 /* MapKit.framework */,
				02C8A2B414C97CA60021F408 /* UIKit.framework */,
				02C8A2B614C97CA60021F408 /* Foundation.framework */,
				02C8A2B814C97CA60021F408 /* CoreGraphics.framework */,
			);
			name = Frameworks;
			sourceTree = "<group>";
		};
		02C8A2BA14C97CA60021F408 /* Interface Export */ = {
			isa = PBXGroup;
			children = (
				02C8A2C314C97CA60021F408 /* IFAppDelegate.h */,
				02C8A2C414C97CA60021F408 /* IFAppDelegate.m */,
				FA76DFC630F690450AA03E19 /* WelcomeViewController.h */,
				3439CC68FFC5A90051CC86F4 /* WelcomeViewController.m */,
				C36C63F7D8BED05DEC51770A /* InfoViewController.h */,
				3571843F8B9C5522C8193BD9 /* InfoViewController.m */,
				EEA7225C4F99AB8C1C28B4BD /* AreatradesViewController.h */,
				47CC9C8EC1359931716A0BB3 /* AreatradesViewController.m */,
				C15EB78D91D497DDD191EA43 /* MultiAddScreenViewController.h */,
				A4754E2A520801BDAC1F2D6C /* MultiAddScreenViewController.m */,
				6D8317DF0EBA796FBB6A9359 /* WantViewController.h */,
				CAC71B28895A44226FD4A816 /* WantViewController.m */,
				B7DDF18BD14C952A702B72BD /* MultiAddScreenWantViewController.h */,
				1A81620F90EC7E24505D5E81 /* MultiAddScreenWantViewController.m */,
				72CDC174FF9CA47CD6EEF9EB /* TradeableViewController.h */,
				A937A431F3ECF1006CE1E476 /* TradeableViewController.m */,
				CFFCB6AE1086721AA54E9BC2 /* MultiAddScreenTradeViewController.h */,
				2C3509544B7B3C00BFD06B7A /* MultiAddScreenTradeViewController.m */,
				0A917E03E576AF8E7D17DE6D /* ForSaleViewController.h */,
				97B3AC36BDEA98089AEB50E2 /* ForSaleViewController.m */,
				19526A89C3A2BB6F48A0DD18 /* WelcomeViewController_Image_1.png */,
				AE4EC13ABB1F05BB34B749F6 /* WelcomeViewController_Image_2.png */,
				CD9E7F94DEB9195F23873372 /* WelcomeViewController_Image_3.png */,
				81F7B02D208E8D66F2A5BCCD /* WelcomeViewController_Image_4.png */,
				B15B6F4B894F3217D308CBC5 /* WelcomeViewController_Image_5.png */,
				2BBA3774955BB911C678EAB0 /* InfoViewController_Image_1.png */,
				1EF326A9957509D44F18FC28 /* InfoViewController_Image_2.png */,
				9E2F38FA179374E7BD109274 /* InfoViewController_Image_3.png */,
				552032AE04DCE5B6F5C54A0D /* InfoViewController_Image_4.png */,
				FE2B1BB498B6F088E62089F6 /* InfoViewController_Image_5.png */,
				8B655952227FAEAF1C216425 /* InfoViewController_Image_6.png */,
				93FED11F61BA735305A692CF /* AreatradesViewController_Image_1.png */,
				280D0609580F6DAF8C026A39 /* AreatradesViewController_Image_2.png */,
				BB321C8562ECD6EE51678DEF /* AreatradesViewController_Image_3.png */,
				8C4F731BE96AD215F5E9124D /* AreatradesViewController_Image_4.png */,
				7C92DA04C5E705ACF0678121 /* AreatradesViewController_Image_5.png */,
				F89B7A93EB25A1A2076DBAB9 /* MultiAddScreenViewController_Image_1.png */,
				23B54EF50A40479317676667 /* MultiAddScreenViewController_Image_2.png */,
				94822635AB31422C5A7F8AF1 /* MultiAddScreenViewController_Image_3.png */,
				DAB2FA529542C08A03578FA9 /* MultiAddScreenViewController_Image_4.png */,
				ECDF4A184677EC4A9F09087D /* MultiAddScreenViewController_Image_5.png */,
				3C67C74F37A25C0D4CCE787D /* MultiAddScreenViewController_Image_6.png */,
				6B3E0BD7DB75C2CC61DB9010 /* MultiAddScreenViewController_Image_7.png */,
				684BB676735A62424EBABEA4 /* MultiAddScreenViewController_Image_8.png */,
				187748FF35EA691FA729633F /* MultiAddScreenViewController_Image_9.png */,
				A8B55378182148AE4C141A21 /* MultiAddScreenViewController_Image_10.png */,
				1EEB7E88AC0A57F3E45E0983 /* MultiAddScreenViewController_Image_11.png */,
				D45F0D0A3870A23FE7E2D5FB /* WantViewController_Image_1.png */,
				1F912894B745284B8B2CF26D /* WantViewController_Image_2.png */,
				59B44E23148D128EA5A109D4 /* WantViewController_Image_3.png */,
				F19DB8D798B2FE1A004E57DB /* WantViewController_Image_4.png */,
				49F77AA8CBC0ABB0AA850CDB /* WantViewController_Image_5.png */,
				7EECC1D3CBAA2D77D6BC8897 /* MultiAddScreenWantViewController_Image_1.png */,
				C541B274A611E430AFCCEECA /* MultiAddScreenWantViewController_Image_2.png */,
				95387E017E4B6BCBF2DE7D4C /* MultiAddScreenWantViewController_Image_3.png */,
				8D41CB7A903A9A7EF5A984C6 /* MultiAddScreenWantViewController_Image_4.png */,
				47DF0101D741052B1F18518B /* MultiAddScreenWantViewController_Image_5.png */,
				25FB8D0F5A735D28F72C0756 /* TradeableViewController_Image_1.png */,
				8A6CAF3BF111B48665E22014 /* TradeableViewController_Image_2.png */,
				A02B513C78FBD20AD0928EB3 /* TradeableViewController_Image_3.png */,
				B132756BB1004DC74E840FC5 /* TradeableViewController_Image_4.png */,
				92A400E6CC7D5F929D4A728A /* TradeableViewController_Image_5.png */,
				8E43F82D542D0F5259B05F97 /* TradeableViewController_Image_6.png */,
				FB31400B6E5CCE007B139F5A /* MultiAddScreenTradeViewController_Image_1.png */,
				593E7927F6B2B7C7F790F0E7 /* MultiAddScreenTradeViewController_Image_2.png */,
				FBF6C46624B842D1AC80A71B /* MultiAddScreenTradeViewController_Image_3.png */,
				967DEBC585916DAED603A169 /* MultiAddScreenTradeViewController_Image_4.png */,
				CF8ED8C38CF94B35B38D5303 /* MultiAddScreenTradeViewController_Image_5.png */,
				2ACD896DE3B40F548A05AAB9 /* ForSaleViewController_Image_1.png */,
				D0E004613B0064C0FC6E13C8 /* ForSaleViewController_Image_2.png */,
				249AE402036137D49559CB33 /* ForSaleViewController_Image_3.png */,
				7AF6AE103A7E15FFF63C5A8B /* ForSaleViewController_Image_4.png */,
				E2AB91FA82B1D56AA880943B /* ForSaleViewController_Image_5.png */,
				02C8A2BB14C97CA60021F408 /* Supporting Files */,
			);
			path = "Interface Export";
			sourceTree = "<group>";
		};
		02C8A2BB14C97CA60021F408 /* Supporting Files */ = {
			isa = PBXGroup;
			children = (
				02AA5E0514D57AF2004CE70D /* Gradient.h */,
				02AA5E0614D57AF2004CE70D /* Gradient.m */,
				02AA5E0714D57AF2004CE70D /* GradientNode.h */,
				02AA5E0814D57AF2004CE70D /* GradientNode.m */,
				02AA5E0914D57AF2004CE70D /* GradientView.h */,
				02AA5E0A14D57AF2004CE70D /* GradientView.m */,
				02AA5E3A14D597DB004CE70D /* MKMapView+ZoomLevel.h */,
				02AA5E3B14D597DB004CE70D /* MKMapView+ZoomLevel.m */,
				02C8A2BC14C97CA60021F408 /* Interface Export-Info.plist */,
				02C8A2BD14C97CA60021F408 /* InfoPlist.strings */,
				02C8A2C014C97CA60021F408 /* main.m */,
				02C8A2C214C97CA60021F408 /* Interface Export-Prefix.pch */,
			);
			name = "Supporting Files";
			sourceTree = "<group>";
		};
/* End PBXGroup section */

/* Begin PBXNativeTarget section */
		02C8A2AF14C97CA60021F408 /* Interface Export */ = {
			isa = PBXNativeTarget;
			buildConfigurationList = 02C8A2C814C97CA60021F408 /* Build configuration list for PBXNativeTarget "Interface Export" */;
			buildPhases = (
				02C8A2AC14C97CA60021F408 /* Sources */,
				02C8A2AD14C97CA60021F408 /* Frameworks */,
				02C8A2AE14C97CA60021F408 /* Resources */,
			);
			buildRules = (
			);
			dependencies = (
			);
			name = "Interface Export";
			productName = "Interface Export";
			productReference = 02C8A2B014C97CA60021F408 /* Interface Export.app */;
			productType = "com.apple.product-type.application";
		};
/* End PBXNativeTarget section */

/* Begin PBXProject section */
		02C8A2A714C97CA60021F408 /* Project object */ = {
			isa = PBXProject;
			attributes = {
				LastUpgradeCheck = 0420;
				ORGANIZATIONNAME = "Less Code Limited";
			};
			buildConfigurationList = 02C8A2AA14C97CA60021F408 /* Build configuration list for PBXProject "Interface Export" */;
			compatibilityVersion = "Xcode 3.2";
			developmentRegion = English;
			hasScannedForEncodings = 0;
			knownRegions = (
				en,
			);
			mainGroup = 02C8A2A514C97CA60021F408;
			productRefGroup = 02C8A2B114C97CA60021F408 /* Products */;
			projectDirPath = "";
			projectRoot = "";
			targets = (
				02C8A2AF14C97CA60021F408 /* Interface Export */,
			);
		};
/* End PBXProject section */

/* Begin PBXResourcesBuildPhase section */
		02C8A2AE14C97CA60021F408 /* Resources */ = {
			isa = PBXResourcesBuildPhase;
			buildActionMask = 2147483647;
			files = (
				02C8A2BF14C97CA60021F408 /* InfoPlist.strings in Resources */,
				4BE650DC20BE61C7EC381B8F /* WelcomeViewController_Image_1.png in Resources */,
				E716EF4E84D48E27B0F38068 /* WelcomeViewController_Image_2.png in Resources */,
				E257CBBA972ACBA6341EC758 /* WelcomeViewController_Image_3.png in Resources */,
				4365B1E4FD9AEB22ACE4394E /* WelcomeViewController_Image_4.png in Resources */,
				3B3D2CB01C796BC5EC3FEA82 /* WelcomeViewController_Image_5.png in Resources */,
				FD28033C0FC07AAC7FE9B623 /* InfoViewController_Image_1.png in Resources */,
				2FA3F4BB4A7F6CCDA5951BF8 /* InfoViewController_Image_2.png in Resources */,
				A3BCD9F8AF61E43BD7DF849F /* InfoViewController_Image_3.png in Resources */,
				D85B4D38F55477FDE616909D /* InfoViewController_Image_4.png in Resources */,
				B477F82ADA0C376532427CD3 /* InfoViewController_Image_5.png in Resources */,
				0E67C42A7081AA041ADF035F /* InfoViewController_Image_6.png in Resources */,
				15D9628B36F1BF3BC16BE0C6 /* AreatradesViewController_Image_1.png in Resources */,
				CD67431BA989A1CE4B093D95 /* AreatradesViewController_Image_2.png in Resources */,
				847C0A17C212535C6CBC0024 /* AreatradesViewController_Image_3.png in Resources */,
				0C51344081D16D68083D12E8 /* AreatradesViewController_Image_4.png in Resources */,
				2E37B11CF8425DB651188114 /* AreatradesViewController_Image_5.png in Resources */,
				0664B9AA99522A4362A2E7F3 /* MultiAddScreenViewController_Image_1.png in Resources */,
				212B242AFF1F62D34127C3C0 /* MultiAddScreenViewController_Image_2.png in Resources */,
				3C5E34EDCD65E59E4111A1A2 /* MultiAddScreenViewController_Image_3.png in Resources */,
				4E10344C600791689C6FD0BA /* MultiAddScreenViewController_Image_4.png in Resources */,
				23EEB2E5FC627DDB3DCF6D97 /* MultiAddScreenViewController_Image_5.png in Resources */,
				465A7D4329A3B96ECC9B1834 /* MultiAddScreenViewController_Image_6.png in Resources */,
				308F0348EBDFC36F2230D155 /* MultiAddScreenViewController_Image_7.png in Resources */,
				FCBCE245726C362544390FEC /* MultiAddScreenViewController_Image_8.png in Resources */,
				468490029EE549E4AEFB11C5 /* MultiAddScreenViewController_Image_9.png in Resources */,
				734AF48CE34D336E72ED461B /* MultiAddScreenViewController_Image_10.png in Resources */,
				0EC5E7390F0F270A55C20204 /* MultiAddScreenViewController_Image_11.png in Resources */,
				D3EB251647B1CB0A83B7834B /* WantViewController_Image_1.png in Resources */,
				F63D7E1AD65B3274A5933D3F /* WantViewController_Image_2.png in Resources */,
				D96394D39B8B00AA3D8E393F /* WantViewController_Image_3.png in Resources */,
				E5F9073C3ADE3619F4E90085 /* WantViewController_Image_4.png in Resources */,
				F72EBD4260A8F9096C8F8D78 /* WantViewController_Image_5.png in Resources */,
				14CE2B8F8705D5B63971FE5B /* MultiAddScreenWantViewController_Image_1.png in Resources */,
				0C75A4F6CB2024975204F87A /* MultiAddScreenWantViewController_Image_2.png in Resources */,
				008B20B576921993CE211BE3 /* MultiAddScreenWantViewController_Image_3.png in Resources */,
				21A7591998725591CDD7EFD7 /* MultiAddScreenWantViewController_Image_4.png in Resources */,
				D689070BEC8E0323D880D5CA /* MultiAddScreenWantViewController_Image_5.png in Resources */,
				DE674411E249D0705CA2426A /* TradeableViewController_Image_1.png in Resources */,
				0B913D423836C6390FC57480 /* TradeableViewController_Image_2.png in Resources */,
				EF2910DB0C98836C027CC5C4 /* TradeableViewController_Image_3.png in Resources */,
				37D712D537D1938E62022958 /* TradeableViewController_Image_4.png in Resources */,
				5393031033CC208FA241FE85 /* TradeableViewController_Image_5.png in Resources */,
				68F0572389AE03BD8D3B3925 /* TradeableViewController_Image_6.png in Resources */,
				1F7B87492936D5FE67D32564 /* MultiAddScreenTradeViewController_Image_1.png in Resources */,
				F0264CC7DB0DAB14FAA0524C /* MultiAddScreenTradeViewController_Image_2.png in Resources */,
				41E8A35D6D81ED23AAB2F45B /* MultiAddScreenTradeViewController_Image_3.png in Resources */,
				C245955CC1A7CF0C91F668AE /* MultiAddScreenTradeViewController_Image_4.png in Resources */,
				02BFB96FB293D019C7EE4151 /* MultiAddScreenTradeViewController_Image_5.png in Resources */,
				6A5AD035723752840D9DA082 /* ForSaleViewController_Image_1.png in Resources */,
				BE7291B5159711875A311009 /* ForSaleViewController_Image_2.png in Resources */,
				9F21180E78A36638939B77B0 /* ForSaleViewController_Image_3.png in Resources */,
				837690E37D936F4D9C57EF4F /* ForSaleViewController_Image_4.png in Resources */,
				47B3A3822193683C19D6B69C /* ForSaleViewController_Image_5.png in Resources */,
				E3735D5D172A038D00290315 /* Default@2x.png in Resources */,
				E3735D5E172A038D00290315 /* Default.png in Resources */,
				E3735D5F172A038D00290315 /* Default-568h@2x.png in Resources */,
				E3735D60172A038D00290315 /* 114x114.png in Resources */,
				E3735D61172A038D00290315 /* 57x57.png in Resources */,
			);
			runOnlyForDeploymentPostprocessing = 0;
		};
/* End PBXResourcesBuildPhase section */

/* Begin PBXSourcesBuildPhase section */
		02C8A2AC14C97CA60021F408 /* Sources */ = {
			isa = PBXSourcesBuildPhase;
			buildActionMask = 2147483647;
			files = (
				02C8A2C114C97CA60021F408 /* main.m in Sources */,
				02C8A2C514C97CA60021F408 /* IFAppDelegate.m in Sources */,
				02AA5E0B14D57AF2004CE70D /* Gradient.m in Sources */,
				02AA5E0C14D57AF2004CE70D /* GradientNode.m in Sources */,
				02AA5E0D14D57AF2004CE70D /* GradientView.m in Sources */,
				02AA5E3C14D597DB004CE70D /* MKMapView+ZoomLevel.m in Sources */,
				6030AB1C8CF67E108305B972 /* WelcomeViewController.m in Sources */,
				B83F3ED20BBAC3011BAABF61 /* InfoViewController.m in Sources */,
				58928683A54055EAA269B556 /* AreatradesViewController.m in Sources */,
				FF5EB8F6405BEEFB649C90E9 /* MultiAddScreenViewController.m in Sources */,
				0DACC01BCC4963403621A5BF /* WantViewController.m in Sources */,
				4CB6A336AAAC0ED4B794048A /* MultiAddScreenWantViewController.m in Sources */,
				03962118E1D1F265C371A5DA /* TradeableViewController.m in Sources */,
				5FCBFEB7D8820BB26B735439 /* MultiAddScreenTradeViewController.m in Sources */,
				E168ED32D700867421758576 /* ForSaleViewController.m in Sources */,
			);
			runOnlyForDeploymentPostprocessing = 0;
		};
/* End PBXSourcesBuildPhase section */

/* Begin PBXVariantGroup section */
		02C8A2BD14C97CA60021F408 /* InfoPlist.strings */ = {
			isa = PBXVariantGroup;
			children = (
				02C8A2BE14C97CA60021F408 /* en */,
			);
			name = InfoPlist.strings;
			sourceTree = "<group>";
		};
/* End PBXVariantGroup section */

/* Begin XCBuildConfiguration section */
		02C8A2C614C97CA60021F408 /* Debug */ = {
			isa = XCBuildConfiguration;
			buildSettings = {
				ALWAYS_SEARCH_USER_PATHS = NO;
				ARCHS = "$(ARCHS_STANDARD_32_BIT)";
				"CODE_SIGN_IDENTITY[sdk=iphoneos*]" = "iPhone Developer";
				COPY_PHASE_STRIP = NO;
				GCC_C_LANGUAGE_STANDARD = gnu99;
				GCC_DYNAMIC_NO_PIC = NO;
				GCC_OPTIMIZATION_LEVEL = 0;
				GCC_PREPROCESSOR_DEFINITIONS = (
					"DEBUG=1",
					"$(inherited)",
				);
				GCC_SYMBOLS_PRIVATE_EXTERN = NO;
				GCC_VERSION = com.apple.compilers.llvm.clang.1_0;
				GCC_WARN_ABOUT_MISSING_PROTOTYPES = YES;
				GCC_WARN_ABOUT_RETURN_TYPE = YES;
				GCC_WARN_UNUSED_VARIABLE = YES;
				IPHONEOS_DEPLOYMENT_TARGET = 5.0;
				SDKROOT = iphoneos;
			};
			name = Debug;
		};
		02C8A2C714C97CA60021F408 /* Release */ = {
			isa = XCBuildConfiguration;
			buildSettings = {
				ALWAYS_SEARCH_USER_PATHS = NO;
				ARCHS = "$(ARCHS_STANDARD_32_BIT)";
				"CODE_SIGN_IDENTITY[sdk=iphoneos*]" = "iPhone Developer";
				COPY_PHASE_STRIP = YES;
				GCC_C_LANGUAGE_STANDARD = gnu99;
				GCC_VERSION = com.apple.compilers.llvm.clang.1_0;
				GCC_WARN_ABOUT_MISSING_PROTOTYPES = YES;
				GCC_WARN_ABOUT_RETURN_TYPE = YES;
				GCC_WARN_UNUSED_VARIABLE = YES;
				IPHONEOS_DEPLOYMENT_TARGET = 5.0;
				OTHER_CFLAGS = "-DNS_BLOCK_ASSERTIONS=1";
				SDKROOT = iphoneos;
				VALIDATE_PRODUCT = YES;
			};
			name = Release;
		};
		02C8A2C914C97CA60021F408 /* Debug */ = {
			isa = XCBuildConfiguration;
			buildSettings = {
				GCC_PRECOMPILE_PREFIX_HEADER = YES;
				GCC_PREFIX_HEADER = "Interface Export/Interface Export-Prefix.pch";
				INFOPLIST_FILE = "Interface Export/Interface Export-Info.plist";
				PRODUCT_NAME = "$(TARGET_NAME)";
				WRAPPER_EXTENSION = app;
			};
			name = Debug;
		};
		02C8A2CA14C97CA60021F408 /* Release */ = {
			isa = XCBuildConfiguration;
			buildSettings = {
				GCC_PRECOMPILE_PREFIX_HEADER = YES;
				GCC_PREFIX_HEADER = "Interface Export/Interface Export-Prefix.pch";
				INFOPLIST_FILE = "Interface Export/Interface Export-Info.plist";
				PRODUCT_NAME = "$(TARGET_NAME)";
				WRAPPER_EXTENSION = app;
			};
			name = Release;
		};
/* End XCBuildConfiguration section */

/* Begin XCConfigurationList section */
		02C8A2AA14C97CA60021F408 /* Build configuration list for PBXProject "Interface Export" */ = {
			isa = XCConfigurationList;
			buildConfigurations = (
				02C8A2C614C97CA60021F408 /* Debug */,
				02C8A2C714C97CA60021F408 /* Release */,
			);
			defaultConfigurationIsVisible = 0;
			defaultConfigurationName = Release;
		};
		02C8A2C814C97CA60021F408 /* Build configuration list for PBXNativeTarget "Interface Export" */ = {
			isa = XCConfigurationList;
			buildConfigurations = (
				02C8A2C914C97CA60021F408 /* Debug */,
				02C8A2CA14C97CA60021F408 /* Release */,
			);
			defaultConfigurationIsVisible = 0;
			defaultConfigurationName = Release;
		};
/* End XCConfigurationList section */
	};
	rootObject = 02C8A2A714C97CA60021F408 /* Project object */;
}
